
Microsoft Visual Studio Solution File, Format Version 12.00
# Visual Studio Version 17
VisualStudioVersion = 17.0.31903.59
MinimumVisualStudioVersion = 10.0.40219.1
Project("{2150E333-8FDC-42A3-9474-1A3956D46DE8}") = "src", "src", "{740F22E0-9221-41E3-AA3F-9C2A105ACBC4}"
EndProject
Project("{2150E333-8FDC-42A3-9474-1A3956D46DE8}") = "tst", "tst", "{DE5B1A24-87BA-48DD-A569-2AEF1E17B1D5}"
EndProject
Project("{9A19103F-16F7-4668-BE54-9A1E7A4F7556}") = "TastyRestaurant.WebApi", "TastyRestaurant.WebApi\TastyRestaurant.WebApi.csproj", "{14BA2A16-94C6-49FE-B9B4-80C9B18E983F}"
EndProject
Project("{9A19103F-16F7-4668-BE54-9A1E7A4F7556}") = "TastyRestaurant.UnitTests", "TastyRestaurant.UnitTests\TastyRestaurant.UnitTests.csproj", "{FBCD3196-0E55-4148-9DF5-743749E834BA}"
EndProject
Global
	GlobalSection(SolutionConfigurationPlatforms) = preSolution
		Debug|Any CPU = Debug|Any CPU
		Release|Any CPU = Release|Any CPU
	EndGlobalSection
	GlobalSection(ProjectConfigurationPlatforms) = postSolution
		{14BA2A16-94C6-49FE-B9B4-80C9B18E983F}.Debug|Any CPU.ActiveCfg = Debug|Any CPU
		{14BA2A16-94C6-49FE-B9B4-80C9B18E983F}.Debug|Any CPU.Build.0 = Debug|Any CPU
		{14BA2A16-94C6-49FE-B9B4-80C9B18E983F}.Release|Any CPU.ActiveCfg = Release|Any CPU
		{14BA2A16-94C6-49FE-B9B4-80C9B18E983F}.Release|Any CPU.Build.0 = Release|Any CPU
		{FBCD3196-0E55-4148-9DF5-743749E834BA}.Debug|Any CPU.ActiveCfg = Debug|Any CPU
		{FBCD3196-0E55-4148-9DF5-743749E834BA}.Debug|Any CPU.Build.0 = Debug|Any CPU
		{FBCD3196-0E55-4148-9DF5-743749E834BA}.Release|Any CPU.ActiveCfg = Release|Any CPU
		{FBCD3196-0E55-4148-9DF5-743749E834BA}.Release|Any CPU.Build.0 = Release|Any CPU
	EndGlobalSection
	GlobalSection(SolutionProperties) = preSolution
		HideSolutionNode = FALSE
	EndGlobalSection
	GlobalSection(NestedProjects) = preSolution
		{14BA2A16-94C6-49FE-B9B4-80C9B18E983F} = {740F22E0-9221-41E3-AA3F-9C2A105ACBC4}
		{FBCD3196-0E55-4148-9DF5-743749E834BA} = {DE5B1A24-87BA-48DD-A569-2AEF1E17B1D5}
	EndGlobalSection
EndGlobal
